
Microsoft Visual Studio Solution File, Format Version 10.00
# Visual C++ Express 2008
Project("{8BC9CEB8-8B4A-11D0-8D11-00A0C91BC942}") = "wxAlcatel", "wxAlcatel\wxAlcatel.vcproj", "{ED0701A7-1E5E-4798-A8AD-21261488A936}"
EndProject
Project("{8BC9CEB8-8B4A-11D0-8D11-00A0C91BC942}") = "wxSSH2test", "wxSSH2test\wxSSH2test.vcproj", "{1DB33128-623C-4FBD-964A-95483F831B85}"
	ProjectSection(ProjectDependencies) = postProject
		{50CC3D5A-278C-47C1-A293-A07529B9171C} = {50CC3D5A-278C-47C1-A293-A07529B9171C}
	EndProjectSection
EndProject
Project("{8BC9CEB8-8B4A-11D0-8D11-00A0C91BC942}") = "libssh2", "libssh2-1.4.4_DEV\libssh2.vcproj", "{50CC3D5A-278C-47C1-A293-A07529B9171C}"
EndProject
Global
	GlobalSection(SolutionConfigurationPlatforms) = preSolution
		Debug|Win32 = Debug|Win32
		DLL Debug|Win32 = DLL Debug|Win32
		DLL Release|Win32 = DLL Release|Win32
		DLL Universal Debug|Win32 = DLL Universal Debug|Win32
		DLL Universal Release|Win32 = DLL Universal Release|Win32
		Release|Win32 = Release|Win32
		Universal Debug|Win32 = Universal Debug|Win32
		Universal Release|Win32 = Universal Release|Win32
	EndGlobalSection
	GlobalSection(ProjectConfigurationPlatforms) = postSolution
		{ED0701A7-1E5E-4798-A8AD-21261488A936}.Debug|Win32.ActiveCfg = Debug|Win32
		{ED0701A7-1E5E-4798-A8AD-21261488A936}.Debug|Win32.Build.0 = Debug|Win32
		{ED0701A7-1E5E-4798-A8AD-21261488A936}.DLL Debug|Win32.ActiveCfg = DLL Debug|Win32
		{ED0701A7-1E5E-4798-A8AD-21261488A936}.DLL Debug|Win32.Build.0 = DLL Debug|Win32
		{ED0701A7-1E5E-4798-A8AD-21261488A936}.DLL Release|Win32.ActiveCfg = DLL Release|Win32
		{ED0701A7-1E5E-4798-A8AD-21261488A936}.DLL Release|Win32.Build.0 = DLL Release|Win32
		{ED0701A7-1E5E-4798-A8AD-21261488A936}.DLL Universal Debug|Win32.ActiveCfg = Debug|Win32
		{ED0701A7-1E5E-4798-A8AD-21261488A936}.DLL Universal Debug|Win32.Build.0 = Debug|Win32
		{ED0701A7-1E5E-4798-A8AD-21261488A936}.DLL Universal Release|Win32.ActiveCfg = Release|Win32
		{ED0701A7-1E5E-4798-A8AD-21261488A936}.DLL Universal Release|Win32.Build.0 = Release|Win32
		{ED0701A7-1E5E-4798-A8AD-21261488A936}.Release|Win32.ActiveCfg = Release|Win32
		{ED0701A7-1E5E-4798-A8AD-21261488A936}.Release|Win32.Build.0 = Release|Win32
		{ED0701A7-1E5E-4798-A8AD-21261488A936}.Universal Debug|Win32.ActiveCfg = Debug|Win32
		{ED0701A7-1E5E-4798-A8AD-21261488A936}.Universal Debug|Win32.Build.0 = Debug|Win32
		{ED0701A7-1E5E-4798-A8AD-21261488A936}.Universal Release|Win32.ActiveCfg = Release|Win32
		{ED0701A7-1E5E-4798-A8AD-21261488A936}.Universal Release|Win32.Build.0 = Release|Win32
		{1DB33128-623C-4FBD-964A-95483F831B85}.Debug|Win32.ActiveCfg = Debug|Win32
		{1DB33128-623C-4FBD-964A-95483F831B85}.Debug|Win32.Build.0 = Debug|Win32
		{1DB33128-623C-4FBD-964A-95483F831B85}.DLL Debug|Win32.ActiveCfg = DLL Debug|Win32
		{1DB33128-623C-4FBD-964A-95483F831B85}.DLL Debug|Win32.Build.0 = DLL Debug|Win32
		{1DB33128-623C-4FBD-964A-95483F831B85}.DLL Release|Win32.ActiveCfg = Release|Win32
		{1DB33128-623C-4FBD-964A-95483F831B85}.DLL Release|Win32.Build.0 = Release|Win32
		{1DB33128-623C-4FBD-964A-95483F831B85}.DLL Universal Debug|Win32.ActiveCfg = Debug|Win32
		{1DB33128-623C-4FBD-964A-95483F831B85}.DLL Universal Debug|Win32.Build.0 = Debug|Win32
		{1DB33128-623C-4FBD-964A-95483F831B85}.DLL Universal Release|Win32.ActiveCfg = Release|Win32
		{1DB33128-623C-4FBD-964A-95483F831B85}.DLL Universal Release|Win32.Build.0 = Release|Win32
		{1DB33128-623C-4FBD-964A-95483F831B85}.Release|Win32.ActiveCfg = Release|Win32
		{1DB33128-623C-4FBD-964A-95483F831B85}.Release|Win32.Build.0 = Release|Win32
		{1DB33128-623C-4FBD-964A-95483F831B85}.Universal Debug|Win32.ActiveCfg = Debug|Win32
		{1DB33128-623C-4FBD-964A-95483F831B85}.Universal Debug|Win32.Build.0 = Debug|Win32
		{1DB33128-623C-4FBD-964A-95483F831B85}.Universal Release|Win32.ActiveCfg = Release|Win32
		{1DB33128-623C-4FBD-964A-95483F831B85}.Universal Release|Win32.Build.0 = Release|Win32
		{50CC3D5A-278C-47C1-A293-A07529B9171C}.Debug|Win32.ActiveCfg = Debug|Win32
		{50CC3D5A-278C-47C1-A293-A07529B9171C}.Debug|Win32.Build.0 = Debug|Win32
		{50CC3D5A-278C-47C1-A293-A07529B9171C}.DLL Debug|Win32.ActiveCfg = Debug|Win32
		{50CC3D5A-278C-47C1-A293-A07529B9171C}.DLL Debug|Win32.Build.0 = Debug|Win32
		{50CC3D5A-278C-47C1-A293-A07529B9171C}.DLL Release|Win32.ActiveCfg = Release|Win32
		{50CC3D5A-278C-47C1-A293-A07529B9171C}.DLL Release|Win32.Build.0 = Release|Win32
		{50CC3D5A-278C-47C1-A293-A07529B9171C}.DLL Universal Debug|Win32.ActiveCfg = Debug|Win32
		{50CC3D5A-278C-47C1-A293-A07529B9171C}.DLL Universal Debug|Win32.Build.0 = Debug|Win32
		{50CC3D5A-278C-47C1-A293-A07529B9171C}.DLL Universal Release|Win32.ActiveCfg = Release|Win32
		{50CC3D5A-278C-47C1-A293-A07529B9171C}.DLL Universal Release|Win32.Build.0 = Release|Win32
		{50CC3D5A-278C-47C1-A293-A07529B9171C}.Release|Win32.ActiveCfg = Release|Win32
		{50CC3D5A-278C-47C1-A293-A07529B9171C}.Release|Win32.Build.0 = Release|Win32
		{50CC3D5A-278C-47C1-A293-A07529B9171C}.Universal Debug|Win32.ActiveCfg = Debug|Win32
		{50CC3D5A-278C-47C1-A293-A07529B9171C}.Universal Debug|Win32.Build.0 = Debug|Win32
		{50CC3D5A-278C-47C1-A293-A07529B9171C}.Universal Release|Win32.ActiveCfg = Release|Win32
		{50CC3D5A-278C-47C1-A293-A07529B9171C}.Universal Release|Win32.Build.0 = Release|Win32
	EndGlobalSection
	GlobalSection(SolutionProperties) = preSolution
		HideSolutionNode = FALSE
	EndGlobalSection
EndGlobal
